// !$*UTF8*$!
{
	archiveVersion = 1;
	classes = {
	};
	objectVersion = 50;
	objects = {

/* Begin PBXBuildFile section */
		18A9CF08250F772F0066DC0A /* ExtensionDate.swift in Sources */ = {isa = PBXBuildFile; fileRef = 18A9CF07250F772F0066DC0A /* ExtensionDate.swift */; };
		18A9CF0A250F77570066DC0A /* ExtensionCalendar.swift in Sources */ = {isa = PBXBuildFile; fileRef = 18A9CF09250F77570066DC0A /* ExtensionCalendar.swift */; };
		9B0294D5250FC2B20053EA90 /* Event.json in Resources */ = {isa = PBXBuildFile; fileRef = 9B0294D4250FC2B20053EA90 /* Event.json */; };
		9B1246F6250AA4BC002D2EDF /* Utils.swift in Sources */ = {isa = PBXBuildFile; fileRef = 9B1246F5250AA4BC002D2EDF /* Utils.swift */; };
		9B1246FE250AB0FC002D2EDF /* CalendarVC.swift in Sources */ = {isa = PBXBuildFile; fileRef = 9B1246FC250AB0FC002D2EDF /* CalendarVC.swift */; };
		9B1246FF250AB0FC002D2EDF /* CalendarVC.xib in Resources */ = {isa = PBXBuildFile; fileRef = 9B1246FD250AB0FC002D2EDF /* CalendarVC.xib */; };
		9BB779322508BA08006ADA98 /* CalendarViewController.swift in Sources */ = {isa = PBXBuildFile; fileRef = 9BB779302508BA08006ADA98 /* CalendarViewController.swift */; };
		9BB779332508BA08006ADA98 /* CalendarViewController.xib in Resources */ = {isa = PBXBuildFile; fileRef = 9BB779312508BA08006ADA98 /* CalendarViewController.xib */; };
		9BE5AE57250B15DE003DB41C /* CellCalendar.swift in Sources */ = {isa = PBXBuildFile; fileRef = 9BE5AE55250B15DE003DB41C /* CellCalendar.swift */; };
		9BE5AE58250B15DE003DB41C /* CellCalendar.xib in Resources */ = {isa = PBXBuildFile; fileRef = 9BE5AE56250B15DE003DB41C /* CellCalendar.xib */; };
		9BE5AE5C250B5BE6003DB41C /* DateExtensions.swift in Sources */ = {isa = PBXBuildFile; fileRef = 9BE5AE5B250B5BE6003DB41C /* DateExtensions.swift */; };
		9BF1695E250A307B003D7FDB /* CellCollectionViewCell.swift in Sources */ = {isa = PBXBuildFile; fileRef = 9BF1695C250A307B003D7FDB /* CellCollectionViewCell.swift */; };
		9BF1695F250A307B003D7FDB /* CellCollectionViewCell.xib in Resources */ = {isa = PBXBuildFile; fileRef = 9BF1695D250A307B003D7FDB /* CellCollectionViewCell.xib */; };
		9BF16962250A30CF003D7FDB /* CellDate.swift in Sources */ = {isa = PBXBuildFile; fileRef = 9BF16960250A30CF003D7FDB /* CellDate.swift */; };
		9BF16963250A30CF003D7FDB /* CellDate.xib in Resources */ = {isa = PBXBuildFile; fileRef = 9BF16961250A30CF003D7FDB /* CellDate.xib */; };
		E900C2472507A49400A86E73 /* MainCollectionViewCell.swift in Sources */ = {isa = PBXBuildFile; fileRef = E900C2462507A49400A86E73 /* MainCollectionViewCell.swift */; };
		E945BC3D2507A160001B4D25 /* AppDelegate.swift in Sources */ = {isa = PBXBuildFile; fileRef = E945BC3C2507A160001B4D25 /* AppDelegate.swift */; };
		E945BC412507A160001B4D25 /* ViewController.swift in Sources */ = {isa = PBXBuildFile; fileRef = E945BC402507A160001B4D25 /* ViewController.swift */; };
		E945BC442507A160001B4D25 /* Main.storyboard in Resources */ = {isa = PBXBuildFile; fileRef = E945BC422507A160001B4D25 /* Main.storyboard */; };
		E945BC462507A162001B4D25 /* Assets.xcassets in Resources */ = {isa = PBXBuildFile; fileRef = E945BC452507A162001B4D25 /* Assets.xcassets */; };
		E945BC492507A162001B4D25 /* LaunchScreen.storyboard in Resources */ = {isa = PBXBuildFile; fileRef = E945BC472507A162001B4D25 /* LaunchScreen.storyboard */; };
/* End PBXBuildFile section */

/* Begin PBXFileReference section */
		18A9CF07250F772F0066DC0A /* ExtensionDate.swift */ = {isa = PBXFileReference; lastKnownFileType = sourcecode.swift; path = ExtensionDate.swift; sourceTree = "<group>"; };
		18A9CF09250F77570066DC0A /* ExtensionCalendar.swift */ = {isa = PBXFileReference; lastKnownFileType = sourcecode.swift; path = ExtensionCalendar.swift; sourceTree = "<group>"; };
		9B0294D4250FC2B20053EA90 /* Event.json */ = {isa = PBXFileReference; lastKnownFileType = text.json; path = Event.json; sourceTree = "<group>"; };
		9B1246F5250AA4BC002D2EDF /* Utils.swift */ = {isa = PBXFileReference; lastKnownFileType = sourcecode.swift; path = Utils.swift; sourceTree = "<group>"; };
		9B1246FC250AB0FC002D2EDF /* CalendarVC.swift */ = {isa = PBXFileReference; lastKnownFileType = sourcecode.swift; path = CalendarVC.swift; sourceTree = "<group>"; };
		9B1246FD250AB0FC002D2EDF /* CalendarVC.xib */ = {isa = PBXFileReference; lastKnownFileType = file.xib; path = CalendarVC.xib; sourceTree = "<group>"; };
		9BB779302508BA08006ADA98 /* CalendarViewController.swift */ = {isa = PBXFileReference; lastKnownFileType = sourcecode.swift; path = CalendarViewController.swift; sourceTree = "<group>"; };
		9BB779312508BA08006ADA98 /* CalendarViewController.xib */ = {isa = PBXFileReference; lastKnownFileType = file.xib; path = CalendarViewController.xib; sourceTree = "<group>"; };
		9BE5AE55250B15DE003DB41C /* CellCalendar.swift */ = {isa = PBXFileReference; lastKnownFileType = sourcecode.swift; path = CellCalendar.swift; sourceTree = "<group>"; };
		9BE5AE56250B15DE003DB41C /* CellCalendar.xib */ = {isa = PBXFileReference; lastKnownFileType = file.xib; path = CellCalendar.xib; sourceTree = "<group>"; };
		9BE5AE5B250B5BE6003DB41C /* DateExtensions.swift */ = {isa = PBXFileReference; lastKnownFileType = sourcecode.swift; path = DateExtensions.swift; sourceTree = "<group>"; };
		9BF1695C250A307B003D7FDB /* CellCollectionViewCell.swift */ = {isa = PBXFileReference; lastKnownFileType = sourcecode.swift; path = CellCollectionViewCell.swift; sourceTree = "<group>"; };
		9BF1695D250A307B003D7FDB /* CellCollectionViewCell.xib */ = {isa = PBXFileReference; lastKnownFileType = file.xib; path = CellCollectionViewCell.xib; sourceTree = "<group>"; };
		9BF16960250A30CF003D7FDB /* CellDate.swift */ = {isa = PBXFileReference; lastKnownFileType = sourcecode.swift; path = CellDate.swift; sourceTree = "<group>"; };
		9BF16961250A30CF003D7FDB /* CellDate.xib */ = {isa = PBXFileReference; lastKnownFileType = file.xib; path = CellDate.xib; sourceTree = "<group>"; };
		E900C2462507A49400A86E73 /* MainCollectionViewCell.swift */ = {isa = PBXFileReference; lastKnownFileType = sourcecode.swift; path = MainCollectionViewCell.swift; sourceTree = "<group>"; };
		E945BC392507A160001B4D25 /* Demo.app */ = {isa = PBXFileReference; explicitFileType = wrapper.application; includeInIndex = 0; path = Demo.app; sourceTree = BUILT_PRODUCTS_DIR; };
		E945BC3C2507A160001B4D25 /* AppDelegate.swift */ = {isa = PBXFileReference; lastKnownFileType = sourcecode.swift; path = AppDelegate.swift; sourceTree = "<group>"; };
		E945BC402507A160001B4D25 /* ViewController.swift */ = {isa = PBXFileReference; lastKnownFileType = sourcecode.swift; path = ViewController.swift; sourceTree = "<group>"; };
		E945BC432507A160001B4D25 /* Base */ = {isa = PBXFileReference; lastKnownFileType = file.storyboard; name = Base; path = Base.lproj/Main.storyboard; sourceTree = "<group>"; };
		E945BC452507A162001B4D25 /* Assets.xcassets */ = {isa = PBXFileReference; lastKnownFileType = folder.assetcatalog; path = Assets.xcassets; sourceTree = "<group>"; };
		E945BC482507A162001B4D25 /* Base */ = {isa = PBXFileReference; lastKnownFileType = file.storyboard; name = Base; path = Base.lproj/LaunchScreen.storyboard; sourceTree = "<group>"; };
		E945BC4A2507A162001B4D25 /* Info.plist */ = {isa = PBXFileReference; lastKnownFileType = text.plist.xml; path = Info.plist; sourceTree = "<group>"; };
/* End PBXFileReference section */

/* Begin PBXFrameworksBuildPhase section */
		E945BC362507A160001B4D25 /* Frameworks */ = {
			isa = PBXFrameworksBuildPhase;
			buildActionMask = 2147483647;
			files = (
			);
			runOnlyForDeploymentPostprocessing = 0;
		};
/* End PBXFrameworksBuildPhase section */

/* Begin PBXGroup section */
		18A9CF0B250F7B160066DC0A /* CalendarScroll */ = {
			isa = PBXGroup;
			children = (
				9BB779302508BA08006ADA98 /* CalendarViewController.swift */,
				9BB779312508BA08006ADA98 /* CalendarViewController.xib */,
				9BF1695C250A307B003D7FDB /* CellCollectionViewCell.swift */,
				9BF1695D250A307B003D7FDB /* CellCollectionViewCell.xib */,
				9BF16960250A30CF003D7FDB /* CellDate.swift */,
				9BF16961250A30CF003D7FDB /* CellDate.xib */,
			);
			path = CalendarScroll;
			sourceTree = "<group>";
		};
		9B1246F4250AA4AC002D2EDF /* Utils */ = {
			isa = PBXGroup;
			children = (
				9B1246F5250AA4BC002D2EDF /* Utils.swift */,
				18A9CF07250F772F0066DC0A /* ExtensionDate.swift */,
				18A9CF09250F77570066DC0A /* ExtensionCalendar.swift */,
			);
			path = Utils;
			sourceTree = "<group>";
		};
		9B1246F7250AAEF3002D2EDF /* Calendar */ = {
			isa = PBXGroup;
			children = (
				9B1246FC250AB0FC002D2EDF /* CalendarVC.swift */,
				9B1246FD250AB0FC002D2EDF /* CalendarVC.xib */,
				9BE5AE55250B15DE003DB41C /* CellCalendar.swift */,
				9BE5AE56250B15DE003DB41C /* CellCalendar.xib */,
			);
			path = Calendar;
			sourceTree = "<group>";
		};
		9BE5AE59250B5BC0003DB41C /* CommonLib */ = {
			isa = PBXGroup;
			children = (
				9BE5AE5A250B5BCD003DB41C /* Extensions */,
			);
			path = CommonLib;
			sourceTree = "<group>";
		};
		9BE5AE5A250B5BCD003DB41C /* Extensions */ = {
			isa = PBXGroup;
			children = (
				9BE5AE5B250B5BE6003DB41C /* DateExtensions.swift */,
			);
			path = Extensions;
			sourceTree = "<group>";
		};
		E945BC302507A160001B4D25 = {
			isa = PBXGroup;
			children = (
				E945BC3B2507A160001B4D25 /* Demo */,
				E945BC3A2507A160001B4D25 /* Products */,
			);
			sourceTree = "<group>";
		};
		E945BC3A2507A160001B4D25 /* Products */ = {
			isa = PBXGroup;
			children = (
				E945BC392507A160001B4D25 /* Demo.app */,
			);
			name = Products;
			sourceTree = "<group>";
		};
		E945BC3B2507A160001B4D25 /* Demo */ = {
			isa = PBXGroup;
			children = (
				E945BC3C2507A160001B4D25 /* AppDelegate.swift */,
				9B1246F7250AAEF3002D2EDF /* Calendar */,
				18A9CF0B250F7B160066DC0A /* CalendarScroll */,
				9BE5AE59250B5BC0003DB41C /* CommonLib */,
				9B1246F4250AA4AC002D2EDF /* Utils */,
				E945BC402507A160001B4D25 /* ViewController.swift */,
				E945BC422507A160001B4D25 /* Main.storyboard */,
				E900C2462507A49400A86E73 /* MainCollectionViewCell.swift */,
				E945BC452507A162001B4D25 /* Assets.xcassets */,
				E945BC472507A162001B4D25 /* LaunchScreen.storyboard */,
				E945BC4A2507A162001B4D25 /* Info.plist */,
				9B0294D4250FC2B20053EA90 /* Event.json */,
			);
			path = Demo;
			sourceTree = "<group>";
		};
/* End PBXGroup section */

/* Begin PBXNativeTarget section */
		E945BC382507A160001B4D25 /* Demo */ = {
			isa = PBXNativeTarget;
			buildConfigurationList = E945BC4D2507A162001B4D25 /* Build configuration list for PBXNativeTarget "Demo" */;
			buildPhases = (
				E945BC352507A160001B4D25 /* Sources */,
				E945BC362507A160001B4D25 /* Frameworks */,
				E945BC372507A160001B4D25 /* Resources */,
			);
			buildRules = (
			);
			dependencies = (
			);
			name = Demo;
			productName = Demo;
			productReference = E945BC392507A160001B4D25 /* Demo.app */;
			productType = "com.apple.product-type.application";
		};
/* End PBXNativeTarget section */

/* Begin PBXProject section */
		E945BC312507A160001B4D25 /* Project object */ = {
			isa = PBXProject;
			attributes = {
				LastSwiftUpdateCheck = 1160;
				LastUpgradeCheck = 1160;
				ORGANIZATIONNAME = eMPI;
				TargetAttributes = {
					E945BC382507A160001B4D25 = {
						CreatedOnToolsVersion = 11.6;
					};
				};
			};
			buildConfigurationList = E945BC342507A160001B4D25 /* Build configuration list for PBXProject "Demo" */;
			compatibilityVersion = "Xcode 9.3";
			developmentRegion = en;
			hasScannedForEncodings = 0;
			knownRegions = (
				en,
				Base,
			);
			mainGroup = E945BC302507A160001B4D25;
			productRefGroup = E945BC3A2507A160001B4D25 /* Products */;
			projectDirPath = "";
			projectRoot = "";
			targets = (
				E945BC382507A160001B4D25 /* Demo */,
			);
		};
/* End PBXProject section */

/* Begin PBXResourcesBuildPhase section */
		E945BC372507A160001B4D25 /* Resources */ = {
			isa = PBXResourcesBuildPhase;
			buildActionMask = 2147483647;
			files = (
				9B0294D5250FC2B20053EA90 /* Event.json in Resources */,
				9BB779332508BA08006ADA98 /* CalendarViewController.xib in Resources */,
				E945BC492507A162001B4D25 /* LaunchScreen.storyboard in Resources */,
				9B1246FF250AB0FC002D2EDF /* CalendarVC.xib in Resources */,
				9BE5AE58250B15DE003DB41C /* CellCalendar.xib in Resources */,
				9BF1695F250A307B003D7FDB /* CellCollectionViewCell.xib in Resources */,
				9BF16963250A30CF003D7FDB /* CellDate.xib in Resources */,
				E945BC462507A162001B4D25 /* Assets.xcassets in Resources */,
				E945BC442507A160001B4D25 /* Main.storyboard in Resources */,
			);
			runOnlyForDeploymentPostprocessing = 0;
		};
/* End PBXResourcesBuildPhase section */

/* Begin PBXSourcesBuildPhase section */
		E945BC352507A160001B4D25 /* Sources */ = {
			isa = PBXSourcesBuildPhase;
			buildActionMask = 2147483647;
			files = (
				9BB779322508BA08006ADA98 /* CalendarViewController.swift in Sources */,
				18A9CF0A250F77570066DC0A /* ExtensionCalendar.swift in Sources */,
				18A9CF08250F772F0066DC0A /* ExtensionDate.swift in Sources */,
				9BE5AE5C250B5BE6003DB41C /* DateExtensions.swift in Sources */,
				E945BC412507A160001B4D25 /* ViewController.swift in Sources */,
				9BE5AE57250B15DE003DB41C /* CellCalendar.swift in Sources */,
				E945BC3D2507A160001B4D25 /* AppDelegate.swift in Sources */,
				9B1246F6250AA4BC002D2EDF /* Utils.swift in Sources */,
				9B1246FE250AB0FC002D2EDF /* CalendarVC.swift in Sources */,
				E900C2472507A49400A86E73 /* MainCollectionViewCell.swift in Sources */,
				9BF1695E250A307B003D7FDB /* CellCollectionViewCell.swift in Sources */,
				9BF16962250A30CF003D7FDB /* CellDate.swift in Sources */,
			);
			runOnlyForDeploymentPostprocessing = 0;
		};
/* End PBXSourcesBuildPhase section */

/* Begin PBXVariantGroup section */
		E945BC422507A160001B4D25 /* Main.storyboard */ = {
			isa = PBXVariantGroup;
			children = (
				E945BC432507A160001B4D25 /* Base */,
			);
			name = Main.storyboard;
			sourceTree = "<group>";
		};
		E945BC472507A162001B4D25 /* LaunchScreen.storyboard */ = {
			isa = PBXVariantGroup;
			children = (
				E945BC482507A162001B4D25 /* Base */,
			);
			name = LaunchScreen.storyboard;
			sourceTree = "<group>";
		};
/* End PBXVariantGroup section */

/* Begin XCBuildConfiguration section */
		E945BC4B2507A162001B4D25 /* Debug */ = {
			isa = XCBuildConfiguration;
			buildSettings = {
				ALWAYS_SEARCH_USER_PATHS = NO;
				CLANG_ANALYZER_NONNULL = YES;
				CLANG_ANALYZER_NUMBER_OBJECT_CONVERSION = YES_AGGRESSIVE;
				CLANG_CXX_LANGUAGE_STANDARD = "gnu++14";
				CLANG_CXX_LIBRARY = "libc++";
				CLANG_ENABLE_MODULES = YES;
				CLANG_ENABLE_OBJC_ARC = YES;
				CLANG_ENABLE_OBJC_WEAK = YES;
				CLANG_WARN_BLOCK_CAPTURE_AUTORELEASING = YES;
				CLANG_WARN_BOOL_CONVERSION = YES;
				CLANG_WARN_COMMA = YES;
				CLANG_WARN_CONSTANT_CONVERSION = YES;
				CLANG_WARN_DEPRECATED_OBJC_IMPLEMENTATIONS = YES;
				CLANG_WARN_DIRECT_OBJC_ISA_USAGE = YES_ERROR;
				CLANG_WARN_DOCUMENTATION_COMMENTS = YES;
				CLANG_WARN_EMPTY_BODY = YES;
				CLANG_WARN_ENUM_CONVERSION = YES;
				CLANG_WARN_INFINITE_RECURSION = YES;
				CLANG_WARN_INT_CONVERSION = YES;
				CLANG_WARN_NON_LITERAL_NULL_CONVERSION = YES;
				CLANG_WARN_OBJC_IMPLICIT_RETAIN_SELF = YES;
				CLANG_WARN_OBJC_LITERAL_CONVERSION = YES;
				CLANG_WARN_OBJC_ROOT_CLASS = YES_ERROR;
				CLANG_WARN_RANGE_LOOP_ANALYSIS = YES;
				CLANG_WARN_STRICT_PROTOTYPES = YES;
				CLANG_WARN_SUSPICIOUS_MOVE = YES;
				CLANG_WARN_UNGUARDED_AVAILABILITY = YES_AGGRESSIVE;
				CLANG_WARN_UNREACHABLE_CODE = YES;
				CLANG_WARN__DUPLICATE_METHOD_MATCH = YES;
				COPY_PHASE_STRIP = NO;
				DEBUG_INFORMATION_FORMAT = dwarf;
				ENABLE_STRICT_OBJC_MSGSEND = YES;
				ENABLE_TESTABILITY = YES;
				GCC_C_LANGUAGE_STANDARD = gnu11;
				GCC_DYNAMIC_NO_PIC = NO;
				GCC_NO_COMMON_BLOCKS = YES;
				GCC_OPTIMIZATION_LEVEL = 0;
				GCC_PREPROCESSOR_DEFINITIONS = (
					"DEBUG=1",
					"$(inherited)",
				);
				GCC_WARN_64_TO_32_BIT_CONVERSION = YES;
				GCC_WARN_ABOUT_RETURN_TYPE = YES_ERROR;
				GCC_WARN_UNDECLARED_SELECTOR = YES;
				GCC_WARN_UNINITIALIZED_AUTOS = YES_AGGRESSIVE;
				GCC_WARN_UNUSED_FUNCTION = YES;
				GCC_WARN_UNUSED_VARIABLE = YES;
				IPHONEOS_DEPLOYMENT_TARGET = 13.0;
				MTL_ENABLE_DEBUG_INFO = INCLUDE_SOURCE;
				MTL_FAST_MATH = YES;
				ONLY_ACTIVE_ARCH = YES;
				SDKROOT = iphoneos;
				SWIFT_ACTIVE_COMPILATION_CONDITIONS = DEBUG;
				SWIFT_OPTIMIZATION_LEVEL = "-Onone";
			};
			name = Debug;
		};
		E945BC4C2507A162001B4D25 /* Release */ = {
			isa = XCBuildConfiguration;
			buildSettings = {
				ALWAYS_SEARCH_USER_PATHS = NO;
				CLANG_ANALYZER_NONNULL = YES;
				CLANG_ANALYZER_NUMBER_OBJECT_CONVERSION = YES_AGGRESSIVE;
				CLANG_CXX_LANGUAGE_STANDARD = "gnu++14";
				CLANG_CXX_LIBRARY = "libc++";
				CLANG_ENABLE_MODULES = YES;
				CLANG_ENABLE_OBJC_ARC = YES;
				CLANG_ENABLE_OBJC_WEAK = YES;
				CLANG_WARN_BLOCK_CAPTURE_AUTORELEASING = YES;
				CLANG_WARN_BOOL_CONVERSION = YES;
				CLANG_WARN_COMMA = YES;
				CLANG_WARN_CONSTANT_CONVERSION = YES;
				CLANG_WARN_DEPRECATED_OBJC_IMPLEMENTATIONS = YES;
				CLANG_WARN_DIRECT_OBJC_ISA_USAGE = YES_ERROR;
				CLANG_WARN_DOCUMENTATION_COMMENTS = YES;
				CLANG_WARN_EMPTY_BODY = YES;
				CLANG_WARN_ENUM_CONVERSION = YES;
				CLANG_WARN_INFINITE_RECURSION = YES;
				CLANG_WARN_INT_CONVERSION = YES;
				CLANG_WARN_NON_LITERAL_NULL_CONVERSION = YES;
				CLANG_WARN_OBJC_IMPLICIT_RETAIN_SELF = YES;
				CLANG_WARN_OBJC_LITERAL_CONVERSION = YES;
				CLANG_WARN_OBJC_ROOT_CLASS = YES_ERROR;
				CLANG_WARN_RANGE_LOOP_ANALYSIS = YES;
				CLANG_WARN_STRICT_PROTOTYPES = YES;
				CLANG_WARN_SUSPICIOUS_MOVE = YES;
				CLANG_WARN_UNGUARDED_AVAILABILITY = YES_AGGRESSIVE;
				CLANG_WARN_UNREACHABLE_CODE = YES;
				CLANG_WARN__DUPLICATE_METHOD_MATCH = YES;
				COPY_PHASE_STRIP = NO;
				DEBUG_INFORMATION_FORMAT = "dwarf-with-dsym";
				ENABLE_NS_ASSERTIONS = NO;
				ENABLE_STRICT_OBJC_MSGSEND = YES;
				GCC_C_LANGUAGE_STANDARD = gnu11;
				GCC_NO_COMMON_BLOCKS = YES;
				GCC_WARN_64_TO_32_BIT_CONVERSION = YES;
				GCC_WARN_ABOUT_RETURN_TYPE = YES_ERROR;
				GCC_WARN_UNDECLARED_SELECTOR = YES;
				GCC_WARN_UNINITIALIZED_AUTOS = YES_AGGRESSIVE;
				GCC_WARN_UNUSED_FUNCTION = YES;
				GCC_WARN_UNUSED_VARIABLE = YES;
				IPHONEOS_DEPLOYMENT_TARGET = 13.0;
				MTL_ENABLE_DEBUG_INFO = NO;
				MTL_FAST_MATH = YES;
				SDKROOT = iphoneos;
				SWIFT_COMPILATION_MODE = wholemodule;
				SWIFT_OPTIMIZATION_LEVEL = "-O";
				VALIDATE_PRODUCT = YES;
			};
			name = Release;
		};
		E945BC4E2507A162001B4D25 /* Debug */ = {
			isa = XCBuildConfiguration;
			buildSettings = {
				ASSETCATALOG_COMPILER_APPICON_NAME = AppIcon;
				CODE_SIGN_STYLE = Automatic;
				INFOPLIST_FILE = Demo/Info.plist;
				IPHONEOS_DEPLOYMENT_TARGET = 10.0;
				LD_RUNPATH_SEARCH_PATHS = (
					"$(inherited)",
					"@executable_path/Frameworks",
				);
				PRODUCT_BUNDLE_IDENTIFIER = com.smile.user.app.com.Demo;
				PRODUCT_NAME = "$(TARGET_NAME)";
				SWIFT_VERSION = 5.0;
				TARGETED_DEVICE_FAMILY = "1,2";
			};
			name = Debug;
		};
		E945BC4F2507A162001B4D25 /* Release */ = {
			isa = XCBuildConfiguration;
			buildSettings = {
				ASSETCATALOG_COMPILER_APPICON_NAME = AppIcon;
				CODE_SIGN_STYLE = Automatic;
				INFOPLIST_FILE = Demo/Info.plist;
				IPHONEOS_DEPLOYMENT_TARGET = 10.0;
				LD_RUNPATH_SEARCH_PATHS = (
					"$(inherited)",
					"@executable_path/Frameworks",
				);
				PRODUCT_BUNDLE_IDENTIFIER = com.smile.user.app.com.Demo;
				PRODUCT_NAME = "$(TARGET_NAME)";
				SWIFT_VERSION = 5.0;
				TARGETED_DEVICE_FAMILY = "1,2";
			};
			name = Release;
		};
/* End XCBuildConfiguration section */

/* Begin XCConfigurationList section */
		E945BC342507A160001B4D25 /* Build configuration list for PBXProject "Demo" */ = {
			isa = XCConfigurationList;
			buildConfigurations = (
				E945BC4B2507A162001B4D25 /* Debug */,
				E945BC4C2507A162001B4D25 /* Release */,
			);
			defaultConfigurationIsVisible = 0;
			defaultConfigurationName = Release;
		};
		E945BC4D2507A162001B4D25 /* Build configuration list for PBXNativeTarget "Demo" */ = {
			isa = XCConfigurationList;
			buildConfigurations = (
				E945BC4E2507A162001B4D25 /* Debug */,
				E945BC4F2507A162001B4D25 /* Release */,
			);
			defaultConfigurationIsVisible = 0;
			defaultConfigurationName = Release;
		};
/* End XCConfigurationList section */
	};
	rootObject = E945BC312507A160001B4D25 /* Project object */;
}
